
Microsoft Visual Studio Solution File, Format Version 12.00
# Visual Studio Version 16
VisualStudioVersion = 16.0.32802.440
MinimumVisualStudioVersion = 10.0.40219.1
Project("{FAE04EC0-301F-11D3-BF4B-00C04F79EFBC}") = "NumbersGame", "NumbersGame\NumbersGame.csproj", "{55C96E55-6A05-41DF-A7AF-73F003F1BE0C}"
EndProject
Global
	GlobalSection(SolutionConfigurationPlatforms) = preSolution
		Debug|Any CPU = Debug|Any CPU
		Release|Any CPU = Release|Any CPU
	EndGlobalSection
	GlobalSection(ProjectConfigurationPlatforms) = postSolution
		{55C96E55-6A05-41DF-A7AF-73F003F1BE0C}.Debug|Any CPU.ActiveCfg = Debug|Any CPU
		{55C96E55-6A05-41DF-A7AF-73F003F1BE0C}.Debug|Any CPU.Build.0 = Debug|Any CPU
		{55C96E55-6A05-41DF-A7AF-73F003F1BE0C}.Release|Any CPU.ActiveCfg = Release|Any CPU
		{55C96E55-6A05-41DF-A7AF-73F003F1BE0C}.Release|Any CPU.Build.0 = Release|Any CPU
	EndGlobalSection
	GlobalSection(SolutionProperties) = preSolution
		HideSolutionNode = FALSE
	EndGlobalSection
	GlobalSection(ExtensibilityGlobals) = postSolution
		SolutionGuid = {18A1DA14-1B1F-42DF-B0A8-4ACA8B8EA071}
	EndGlobalSection
EndGlobal
